
Microsoft Visual Studio Solution File, Format Version 12.00
# Visual Studio Version 16
VisualStudioVersion = 16.0.31702.278
MinimumVisualStudioVersion = 10.0.40219.1
Project("{FAE04EC0-301F-11D3-BF4B-00C04F79EFBC}") = "Metodo de las secantes", "Metodo de las secantes.csproj", "{2F74FC8E-6854-43AD-B702-9825528AAA96}"
EndProject
Global
	GlobalSection(SolutionConfigurationPlatforms) = preSolution
		Debug|Any CPU = Debug|Any CPU
		Release|Any CPU = Release|Any CPU
	EndGlobalSection
	GlobalSection(ProjectConfigurationPlatforms) = postSolution
		{2F74FC8E-6854-43AD-B702-9825528AAA96}.Debug|Any CPU.ActiveCfg = Debug|Any CPU
		{2F74FC8E-6854-43AD-B702-9825528AAA96}.Debug|Any CPU.Build.0 = Debug|Any CPU
		{2F74FC8E-6854-43AD-B702-9825528AAA96}.Release|Any CPU.ActiveCfg = Release|Any CPU
		{2F74FC8E-6854-43AD-B702-9825528AAA96}.Release|Any CPU.Build.0 = Release|Any CPU
	EndGlobalSection
	GlobalSection(SolutionProperties) = preSolution
		HideSolutionNode = FALSE
	EndGlobalSection
	GlobalSection(ExtensibilityGlobals) = postSolution
		SolutionGuid = {F92B8D3E-1ECE-453D-9F70-C72C093B11E9}
	EndGlobalSection
EndGlobal
